// !$*UTF8*$!
{
	archiveVersion = 1;
	classes = {
	};
	objectVersion = 48;
	objects = {

/* Begin PBXBuildFile section */
		5AE6A95B1FAAF638005A2526 /* AppDelegate.m in Sources */ = {isa = PBXBuildFile; fileRef = 5AE6A95A1FAAF638005A2526 /* AppDelegate.m */; };
		5AE6A95E1FAAF638005A2526 /* ViewController.m in Sources */ = {isa = PBXBuildFile; fileRef = 5AE6A95D1FAAF638005A2526 /* ViewController.m */; };
		5AE6A9611FAAF638005A2526 /* Main.storyboard in Resources */ = {isa = PBXBuildFile; fileRef = 5AE6A95F1FAAF638005A2526 /* Main.storyboard */; };
		5AE6A9641FAAF638005A2526 /* dd_homework_5.xcdatamodeld in Sources */ = {isa = PBXBuildFile; fileRef = 5AE6A9621FAAF638005A2526 /* dd_homework_5.xcdatamodeld */; };
		5AE6A9661FAAF638005A2526 /* Assets.xcassets in Resources */ = {isa = PBXBuildFile; fileRef = 5AE6A9651FAAF638005A2526 /* Assets.xcassets */; };
		5AE6A9691FAAF638005A2526 /* LaunchScreen.storyboard in Resources */ = {isa = PBXBuildFile; fileRef = 5AE6A9671FAAF638005A2526 /* LaunchScreen.storyboard */; };
		5AE6A96C1FAAF638005A2526 /* main.m in Sources */ = {isa = PBXBuildFile; fileRef = 5AE6A96B1FAAF638005A2526 /* main.m */; };
		5AE6A9741FAAF6E9005A2526 /* TableViewController.m in Sources */ = {isa = PBXBuildFile; fileRef = 5AE6A9731FAAF6E9005A2526 /* TableViewController.m */; };
/* End PBXBuildFile section */

/* Begin PBXFileReference section */
		5AE6A9561FAAF638005A2526 /* dd_homework_5.app */ = {isa = PBXFileReference; explicitFileType = wrapper.application; includeInIndex = 0; path = dd_homework_5.app; sourceTree = BUILT_PRODUCTS_DIR; };
		5AE6A9591FAAF638005A2526 /* AppDelegate.h */ = {isa = PBXFileReference; lastKnownFileType = sourcecode.c.h; path = AppDelegate.h; sourceTree = "<group>"; };
		5AE6A95A1FAAF638005A2526 /* AppDelegate.m */ = {isa = PBXFileReference; lastKnownFileType = sourcecode.c.objc; path = AppDelegate.m; sourceTree = "<group>"; };
		5AE6A95C1FAAF638005A2526 /* ViewController.h */ = {isa = PBXFileReference; lastKnownFileType = sourcecode.c.h; path = ViewController.h; sourceTree = "<group>"; };
		5AE6A95D1FAAF638005A2526 /* ViewController.m */ = {isa = PBXFileReference; lastKnownFileType = sourcecode.c.objc; path = ViewController.m; sourceTree = "<group>"; };
		5AE6A9601FAAF638005A2526 /* Base */ = {isa = PBXFileReference; lastKnownFileType = file.storyboard; name = Base; path = Base.lproj/Main.storyboard; sourceTree = "<group>"; };
		5AE6A9631FAAF638005A2526 /* dd_homework_5.xcdatamodel */ = {isa = PBXFileReference; lastKnownFileType = wrapper.xcdatamodel; path = dd_homework_5.xcdatamodel; sourceTree = "<group>"; };
		5AE6A9651FAAF638005A2526 /* Assets.xcassets */ = {isa = PBXFileReference; lastKnownFileType = folder.assetcatalog; path = Assets.xcassets; sourceTree = "<group>"; };
		5AE6A9681FAAF638005A2526 /* Base */ = {isa = PBXFileReference; lastKnownFileType = file.storyboard; name = Base; path = Base.lproj/LaunchScreen.storyboard; sourceTree = "<group>"; };
		5AE6A96A1FAAF638005A2526 /* Info.plist */ = {isa = PBXFileReference; lastKnownFileType = text.plist.xml; path = Info.plist; sourceTree = "<group>"; };
		5AE6A96B1FAAF638005A2526 /* main.m */ = {isa = PBXFileReference; lastKnownFileType = sourcecode.c.objc; path = main.m; sourceTree = "<group>"; };
		5AE6A9721FAAF6E9005A2526 /* TableViewController.h */ = {isa = PBXFileReference; fileEncoding = 4; lastKnownFileType = sourcecode.c.h; path = TableViewController.h; sourceTree = "<group>"; };
		5AE6A9731FAAF6E9005A2526 /* TableViewController.m */ = {isa = PBXFileReference; fileEncoding = 4; lastKnownFileType = sourcecode.c.objc; path = TableViewController.m; sourceTree = "<group>"; };
/* End PBXFileReference section */

/* Begin PBXFrameworksBuildPhase section */
		5AE6A9531FAAF638005A2526 /* Frameworks */ = {
			isa = PBXFrameworksBuildPhase;
			buildActionMask = 2147483647;
			files = (
			);
			runOnlyForDeploymentPostprocessing = 0;
		};
/* End PBXFrameworksBuildPhase section */

/* Begin PBXGroup section */
		5AE6A94D1FAAF638005A2526 = {
			isa = PBXGroup;
			children = (
				5AE6A9581FAAF638005A2526 /* dd_homework_5 */,
				5AE6A9571FAAF638005A2526 /* Products */,
			);
			sourceTree = "<group>";
		};
		5AE6A9571FAAF638005A2526 /* Products */ = {
			isa = PBXGroup;
			children = (
				5AE6A9561FAAF638005A2526 /* dd_homework_5.app */,
			);
			name = Products;
			sourceTree = "<group>";
		};
		5AE6A9581FAAF638005A2526 /* dd_homework_5 */ = {
			isa = PBXGroup;
			children = (
				5AE6A9591FAAF638005A2526 /* AppDelegate.h */,
				5AE6A95A1FAAF638005A2526 /* AppDelegate.m */,
				5AE6A95C1FAAF638005A2526 /* ViewController.h */,
				5AE6A95D1FAAF638005A2526 /* ViewController.m */,
				5AE6A9721FAAF6E9005A2526 /* TableViewController.h */,
				5AE6A9731FAAF6E9005A2526 /* TableViewController.m */,
				5AE6A95F1FAAF638005A2526 /* Main.storyboard */,
				5AE6A9651FAAF638005A2526 /* Assets.xcassets */,
				5AE6A9671FAAF638005A2526 /* LaunchScreen.storyboard */,
				5AE6A96A1FAAF638005A2526 /* Info.plist */,
				5AE6A96B1FAAF638005A2526 /* main.m */,
				5AE6A9621FAAF638005A2526 /* dd_homework_5.xcdatamodeld */,
			);
			path = dd_homework_5;
			sourceTree = "<group>";
		};
/* End PBXGroup section */

/* Begin PBXNativeTarget section */
		5AE6A9551FAAF638005A2526 /* dd_homework_5 */ = {
			isa = PBXNativeTarget;
			buildConfigurationList = 5AE6A96F1FAAF638005A2526 /* Build configuration list for PBXNativeTarget "dd_homework_5" */;
			buildPhases = (
				5AE6A9521FAAF638005A2526 /* Sources */,
				5AE6A9531FAAF638005A2526 /* Frameworks */,
				5AE6A9541FAAF638005A2526 /* Resources */,
			);
			buildRules = (
			);
			dependencies = (
			);
			name = dd_homework_5;
			productName = dd_homework_5;
			productReference = 5AE6A9561FAAF638005A2526 /* dd_homework_5.app */;
			productType = "com.apple.product-type.application";
		};
/* End PBXNativeTarget section */

/* Begin PBXProject section */
		5AE6A94E1FAAF638005A2526 /* Project object */ = {
			isa = PBXProject;
			attributes = {
				LastUpgradeCheck = 0900;
				ORGANIZATIONNAME = "Влад Купряков";
				TargetAttributes = {
					5AE6A9551FAAF638005A2526 = {
						CreatedOnToolsVersion = 9.0;
						ProvisioningStyle = Automatic;
					};
				};
			};
			buildConfigurationList = 5AE6A9511FAAF638005A2526 /* Build configuration list for PBXProject "dd_homework_5" */;
			compatibilityVersion = "Xcode 8.0";
			developmentRegion = en;
			hasScannedForEncodings = 0;
			knownRegions = (
				en,
				Base,
			);
			mainGroup = 5AE6A94D1FAAF638005A2526;
			productRefGroup = 5AE6A9571FAAF638005A2526 /* Products */;
			projectDirPath = "";
			projectRoot = "";
			targets = (
				5AE6A9551FAAF638005A2526 /* dd_homework_5 */,
			);
		};
/* End PBXProject section */

/* Begin PBXResourcesBuildPhase section */
		5AE6A9541FAAF638005A2526 /* Resources */ = {
			isa = PBXResourcesBuildPhase;
			buildActionMask = 2147483647;
			files = (
				5AE6A9691FAAF638005A2526 /* LaunchScreen.storyboard in Resources */,
				5AE6A9661FAAF638005A2526 /* Assets.xcassets in Resources */,
				5AE6A9611FAAF638005A2526 /* Main.storyboard in Resources */,
			);
			runOnlyForDeploymentPostprocessing = 0;
		};
/* End PBXResourcesBuildPhase section */

/* Begin PBXSourcesBuildPhase section */
		5AE6A9521FAAF638005A2526 /* Sources */ = {
			isa = PBXSourcesBuildPhase;
			buildActionMask = 2147483647;
			files = (
				5AE6A95E1FAAF638005A2526 /* ViewController.m in Sources */,
				5AE6A95B1FAAF638005A2526 /* AppDelegate.m in Sources */,
				5AE6A96C1FAAF638005A2526 /* main.m in Sources */,
				5AE6A9741FAAF6E9005A2526 /* TableViewController.m in Sources */,
				5AE6A9641FAAF638005A2526 /* dd_homework_5.xcdatamodeld in Sources */,
			);
			runOnlyForDeploymentPostprocessing = 0;
		};
/* End PBXSourcesBuildPhase section */

/* Begin PBXVariantGroup section */
		5AE6A95F1FAAF638005A2526 /* Main.storyboard */ = {
			isa = PBXVariantGroup;
			children = (
				5AE6A9601FAAF638005A2526 /* Base */,
			);
			name = Main.storyboard;
			sourceTree = "<group>";
		};
		5AE6A9671FAAF638005A2526 /* LaunchScreen.storyboard */ = {
			isa = PBXVariantGroup;
			children = (
				5AE6A9681FAAF638005A2526 /* Base */,
			);
			name = LaunchScreen.storyboard;
			sourceTree = "<group>";
		};
/* End PBXVariantGroup section */

/* Begin XCBuildConfiguration section */
		5AE6A96D1FAAF638005A2526 /* Debug */ = {
			isa = XCBuildConfiguration;
			buildSettings = {
				ALWAYS_SEARCH_USER_PATHS = NO;
				CLANG_ANALYZER_NONNULL = YES;
				CLANG_ANALYZER_NUMBER_OBJECT_CONVERSION = YES_AGGRESSIVE;
				CLANG_CXX_LANGUAGE_STANDARD = "gnu++14";
				CLANG_CXX_LIBRARY = "libc++";
				CLANG_ENABLE_MODULES = YES;
				CLANG_ENABLE_OBJC_ARC = NO;
				CLANG_WARN_BLOCK_CAPTURE_AUTORELEASING = YES;
				CLANG_WARN_BOOL_CONVERSION = YES;
				CLANG_WARN_COMMA = YES;
				CLANG_WARN_CONSTANT_CONVERSION = YES;
				CLANG_WARN_DIRECT_OBJC_ISA_USAGE = YES_ERROR;
				CLANG_WARN_DOCUMENTATION_COMMENTS = YES;
				CLANG_WARN_EMPTY_BODY = YES;
				CLANG_WARN_ENUM_CONVERSION = YES;
				CLANG_WARN_INFINITE_RECURSION = YES;
				CLANG_WARN_INT_CONVERSION = YES;
				CLANG_WARN_NON_LITERAL_NULL_CONVERSION = YES;
				CLANG_WARN_OBJC_LITERAL_CONVERSION = YES;
				CLANG_WARN_OBJC_ROOT_CLASS = YES_ERROR;
				CLANG_WARN_RANGE_LOOP_ANALYSIS = YES;
				CLANG_WARN_STRICT_PROTOTYPES = YES;
				CLANG_WARN_SUSPICIOUS_MOVE = YES;
				CLANG_WARN_UNGUARDED_AVAILABILITY = YES_AGGRESSIVE;
				CLANG_WARN_UNREACHABLE_CODE = YES;
				CLANG_WARN__DUPLICATE_METHOD_MATCH = YES;
				CODE_SIGN_IDENTITY = "iPhone Developer";
				COPY_PHASE_STRIP = NO;
				DEBUG_INFORMATION_FORMAT = dwarf;
				ENABLE_STRICT_OBJC_MSGSEND = YES;
				ENABLE_TESTABILITY = YES;
				GCC_C_LANGUAGE_STANDARD = gnu11;
				GCC_DYNAMIC_NO_PIC = NO;
				GCC_NO_COMMON_BLOCKS = YES;
				GCC_OPTIMIZATION_LEVEL = 0;
				GCC_PREPROCESSOR_DEFINITIONS = (
					"DEBUG=1",
					"$(inherited)",
				);
				GCC_WARN_64_TO_32_BIT_CONVERSION = YES;
				GCC_WARN_ABOUT_RETURN_TYPE = YES_ERROR;
				GCC_WARN_UNDECLARED_SELECTOR = YES;
				GCC_WARN_UNINITIALIZED_AUTOS = YES_AGGRESSIVE;
				GCC_WARN_UNUSED_FUNCTION = YES;
				GCC_WARN_UNUSED_VARIABLE = YES;
				IPHONEOS_DEPLOYMENT_TARGET = 11.0;
				MTL_ENABLE_DEBUG_INFO = YES;
				ONLY_ACTIVE_ARCH = YES;
				SDKROOT = iphoneos;
			};
			name = Debug;
		};
		5AE6A96E1FAAF638005A2526 /* Release */ = {
			isa = XCBuildConfiguration;
			buildSettings = {
				ALWAYS_SEARCH_USER_PATHS = NO;
				CLANG_ANALYZER_NONNULL = YES;
				CLANG_ANALYZER_NUMBER_OBJECT_CONVERSION = YES_AGGRESSIVE;
				CLANG_CXX_LANGUAGE_STANDARD = "gnu++14";
				CLANG_CXX_LIBRARY = "libc++";
				CLANG_ENABLE_MODULES = YES;
				CLANG_ENABLE_OBJC_ARC = NO;
				CLANG_WARN_BLOCK_CAPTURE_AUTORELEASING = YES;
				CLANG_WARN_BOOL_CONVERSION = YES;
				CLANG_WARN_COMMA = YES;
				CLANG_WARN_CONSTANT_CONVERSION = YES;
				CLANG_WARN_DIRECT_OBJC_ISA_USAGE = YES_ERROR;
				CLANG_WARN_DOCUMENTATION_COMMENTS = YES;
				CLANG_WARN_EMPTY_BODY = YES;
				CLANG_WARN_ENUM_CONVERSION = YES;
				CLANG_WARN_INFINITE_RECURSION = YES;
				CLANG_WARN_INT_CONVERSION = YES;
				CLANG_WARN_NON_LITERAL_NULL_CONVERSION = YES;
				CLANG_WARN_OBJC_LITERAL_CONVERSION = YES;
				CLANG_WARN_OBJC_ROOT_CLASS = YES_ERROR;
				CLANG_WARN_RANGE_LOOP_ANALYSIS = YES;
				CLANG_WARN_STRICT_PROTOTYPES = YES;
				CLANG_WARN_SUSPICIOUS_MOVE = YES;
				CLANG_WARN_UNGUARDED_AVAILABILITY = YES_AGGRESSIVE;
				CLANG_WARN_UNREACHABLE_CODE = YES;
				CLANG_WARN__DUPLICATE_METHOD_MATCH = YES;
				CODE_SIGN_IDENTITY = "iPhone Developer";
				COPY_PHASE_STRIP = NO;
				DEBUG_INFORMATION_FORMAT = "dwarf-with-dsym";
				ENABLE_NS_ASSERTIONS = NO;
				ENABLE_STRICT_OBJC_MSGSEND = YES;
				GCC_C_LANGUAGE_STANDARD = gnu11;
				GCC_NO_COMMON_BLOCKS = YES;
				GCC_WARN_64_TO_32_BIT_CONVERSION = YES;
				GCC_WARN_ABOUT_RETURN_TYPE = YES_ERROR;
				GCC_WARN_UNDECLARED_SELECTOR = YES;
				GCC_WARN_UNINITIALIZED_AUTOS = YES_AGGRESSIVE;
				GCC_WARN_UNUSED_FUNCTION = YES;
				GCC_WARN_UNUSED_VARIABLE = YES;
				IPHONEOS_DEPLOYMENT_TARGET = 11.0;
				MTL_ENABLE_DEBUG_INFO = NO;
				SDKROOT = iphoneos;
				VALIDATE_PRODUCT = YES;
			};
			name = Release;
		};
		5AE6A9701FAAF638005A2526 /* Debug */ = {
			isa = XCBuildConfiguration;
			buildSettings = {
				ASSETCATALOG_COMPILER_APPICON_NAME = AppIcon;
				CODE_SIGN_STYLE = Automatic;
				DEVELOPMENT_TEAM = Z6YU7BJ52A;
				INFOPLIST_FILE = dd_homework_5/Info.plist;
				LD_RUNPATH_SEARCH_PATHS = "$(inherited) @executable_path/Frameworks";
				PRODUCT_BUNDLE_IDENTIFIER = "kup.dd-homework-5";
				PRODUCT_NAME = "$(TARGET_NAME)";
				TARGETED_DEVICE_FAMILY = "1,2";
			};
			name = Debug;
		};
		5AE6A9711FAAF638005A2526 /* Release */ = {
			isa = XCBuildConfiguration;
			buildSettings = {
				ASSETCATALOG_COMPILER_APPICON_NAME = AppIcon;
				CODE_SIGN_STYLE = Automatic;
				DEVELOPMENT_TEAM = Z6YU7BJ52A;
				INFOPLIST_FILE = dd_homework_5/Info.plist;
				LD_RUNPATH_SEARCH_PATHS = "$(inherited) @executable_path/Frameworks";
				PRODUCT_BUNDLE_IDENTIFIER = "kup.dd-homework-5";
				PRODUCT_NAME = "$(TARGET_NAME)";
				TARGETED_DEVICE_FAMILY = "1,2";
			};
			name = Release;
		};
/* End XCBuildConfiguration section */

/* Begin XCConfigurationList section */
		5AE6A9511FAAF638005A2526 /* Build configuration list for PBXProject "dd_homework_5" */ = {
			isa = XCConfigurationList;
			buildConfigurations = (
				5AE6A96D1FAAF638005A2526 /* Debug */,
				5AE6A96E1FAAF638005A2526 /* Release */,
			);
			defaultConfigurationIsVisible = 0;
			defaultConfigurationName = Release;
		};
		5AE6A96F1FAAF638005A2526 /* Build configuration list for PBXNativeTarget "dd_homework_5" */ = {
			isa = XCConfigurationList;
			buildConfigurations = (
				5AE6A9701FAAF638005A2526 /* Debug */,
				5AE6A9711FAAF638005A2526 /* Release */,
			);
			defaultConfigurationIsVisible = 0;
			defaultConfigurationName = Release;
		};
/* End XCConfigurationList section */

/* Begin XCVersionGroup section */
		5AE6A9621FAAF638005A2526 /* dd_homework_5.xcdatamodeld */ = {
			isa = XCVersionGroup;
			children = (
				5AE6A9631FAAF638005A2526 /* dd_homework_5.xcdatamodel */,
			);
			currentVersion = 5AE6A9631FAAF638005A2526 /* dd_homework_5.xcdatamodel */;
			path = dd_homework_5.xcdatamodeld;
			sourceTree = "<group>";
			versionGroupType = wrapper.xcdatamodel;
		};
/* End XCVersionGroup section */
	};
	rootObject = 5AE6A94E1FAAF638005A2526 /* Project object */;
}
